# This file is automatically @generated by Cargo.
# It is not intended for manual editing.
version = 3

[[package]]
name = "garnish_lang_compiler"
version = "0.1.0"
dependencies = [
 "garnish_lang_runtime",
 "garnish_lang_simple_data",
 "garnish_lang_traits",
 "log",
]

[[package]]
name = "garnish_lang_runtime"
version = "0.0.1-alpha"
dependencies = [
 "garnish_lang_traits",
 "log",
]

[[package]]
name = "garnish_lang_simple_data"
version = "0.1.0"
dependencies = [
 "garnish_lang_traits",
]

[[package]]
name = "garnish_lang_traits"
version = "0.0.1-alpha"

[[package]]
name = "garnish_utils"
version = "0.1.0"
dependencies = [
 "garnish_lang_compiler",
 "garnish_lang_traits",
]

[[package]]
name = "log"
version = "0.4.20"
source = "registry+https://github.com/rust-lang/crates.io-index"
checksum = "b5e6163cb8c49088c2c36f57875e58ccd8c87c7427f7fbd50ea6710b2f3f2e8f"
